
Microsoft Visual Studio Solution File, Format Version 12.00
# Visual Studio Version 16
VisualStudioVersion = 16.0.29709.97
MinimumVisualStudioVersion = 10.0.40219.1
Project("{9A19103F-16F7-4668-BE54-9A1E7A4F7556}") = "Modicron", "Modicron.csproj", "{5BD9CB90-856F-4B8D-9187-CF3728F8F906}"
EndProject
Global
	GlobalSection(SolutionConfigurationPlatforms) = preSolution
		Debug|Any CPU = Debug|Any CPU
		Release|Any CPU = Release|Any CPU
	EndGlobalSection
	GlobalSection(ProjectConfigurationPlatforms) = postSolution
		{5BD9CB90-856F-4B8D-9187-CF3728F8F906}.Debug|Any CPU.ActiveCfg = Debug|Any CPU
		{5BD9CB90-856F-4B8D-9187-CF3728F8F906}.Debug|Any CPU.Build.0 = Debug|Any CPU
		{5BD9CB90-856F-4B8D-9187-CF3728F8F906}.Release|Any CPU.ActiveCfg = Release|Any CPU
		{5BD9CB90-856F-4B8D-9187-CF3728F8F906}.Release|Any CPU.Build.0 = Release|Any CPU
	EndGlobalSection
	GlobalSection(SolutionProperties) = preSolution
		HideSolutionNode = FALSE
	EndGlobalSection
	GlobalSection(ExtensibilityGlobals) = postSolution
		SolutionGuid = {A83F61BD-6809-4DF3-8BF3-32621D3D4044}
	EndGlobalSection
EndGlobal
